
Microsoft Visual Studio Solution File, Format Version 11.00
# Visual Studio Version 16
VisualStudioVersion = 16.0.29123.88
MinimumVisualStudioVersion = 10.0.40219.1
Project("{FAE04EC0-301F-11D3-BF4B-00C04F79EFBC}") = "TodoAPIs", "TodoAPIs.csproj", "{82444D61-9DBF-4776-B1C2-394E4D636DB4}"
EndProject
Global
	GlobalSection(SolutionConfigurationPlatforms) = preSolution
		Debug|Any CPU = Debug|Any CPU
		Release|Any CPU = Release|Any CPU
	EndGlobalSection
	GlobalSection(ProjectConfigurationPlatforms) = postSolution
		{82444D61-9DBF-4776-B1C2-394E4D636DB4}.Debug|Any CPU.ActiveCfg = Debug|Any CPU
		{82444D61-9DBF-4776-B1C2-394E4D636DB4}.Debug|Any CPU.Build.0 = Debug|Any CPU
		{82444D61-9DBF-4776-B1C2-394E4D636DB4}.Release|Any CPU.ActiveCfg = Release|Any CPU
		{82444D61-9DBF-4776-B1C2-394E4D636DB4}.Release|Any CPU.Build.0 = Release|Any CPU
	EndGlobalSection
	GlobalSection(SolutionProperties) = preSolution
		HideSolutionNode = FALSE
	EndGlobalSection
	GlobalSection(ExtensibilityGlobals) = postSolution
		SolutionGuid = {CF5A4907-1750-4813-A91B-BC2DFC75436B}
	EndGlobalSection
	GlobalSection(MonoDevelopProperties) = preSolution
		Policies = $0
		$0.DotNetNamingPolicy = $1
		$1.DirectoryNamespaceAssociation = PrefixedHierarchical
		$0.StandardHeader = $2
		$0.VersionControlPolicy = $3
	EndGlobalSection
EndGlobal
